
Microsoft Visual Studio Solution File, Format Version 12.00
# Visual Studio 15
VisualStudioVersion = 15.0.28307.757
MinimumVisualStudioVersion = 10.0.40219.1
Project("{FAE04EC0-301F-11D3-BF4B-00C04F79EFBC}") = "AllTestProject", "AllTestProject\AllTestProject.csproj", "{67C31C25-5A5D-475E-8458-AFA3E0C771DD}"
EndProject
Global
	GlobalSection(SolutionConfigurationPlatforms) = preSolution
		Debug|Any CPU = Debug|Any CPU
		Release|Any CPU = Release|Any CPU
	EndGlobalSection
	GlobalSection(ProjectConfigurationPlatforms) = postSolution
		{67C31C25-5A5D-475E-8458-AFA3E0C771DD}.Debug|Any CPU.ActiveCfg = Debug|Any CPU
		{67C31C25-5A5D-475E-8458-AFA3E0C771DD}.Debug|Any CPU.Build.0 = Debug|Any CPU
		{67C31C25-5A5D-475E-8458-AFA3E0C771DD}.Release|Any CPU.ActiveCfg = Release|Any CPU
		{67C31C25-5A5D-475E-8458-AFA3E0C771DD}.Release|Any CPU.Build.0 = Release|Any CPU
	EndGlobalSection
	GlobalSection(SolutionProperties) = preSolution
		HideSolutionNode = FALSE
	EndGlobalSection
	GlobalSection(ExtensibilityGlobals) = postSolution
		SolutionGuid = {1E335CB6-D60D-4752-95B4-7A3EC8A9F949}
	EndGlobalSection
EndGlobal
